
Microsoft Visual Studio Solution File, Format Version 12.00
# Visual Studio Version 16
VisualStudioVersion = 16.0.29001.49
MinimumVisualStudioVersion = 10.0.40219.1
Project("{FAE04EC0-301F-11D3-BF4B-00C04F79EFBC}") = "ExcelExport", "ExcelExport.csproj", "{64D19760-B7D3-4838-8CB1-3F38380FB610}"
EndProject
Global
	GlobalSection(SolutionConfigurationPlatforms) = preSolution
		Debug|Any CPU = Debug|Any CPU
		Release|Any CPU = Release|Any CPU
	EndGlobalSection
	GlobalSection(ProjectConfigurationPlatforms) = postSolution
		{64D19760-B7D3-4838-8CB1-3F38380FB610}.Debug|Any CPU.ActiveCfg = Debug|Any CPU
		{64D19760-B7D3-4838-8CB1-3F38380FB610}.Debug|Any CPU.Build.0 = Debug|Any CPU
		{64D19760-B7D3-4838-8CB1-3F38380FB610}.Release|Any CPU.ActiveCfg = Release|Any CPU
		{64D19760-B7D3-4838-8CB1-3F38380FB610}.Release|Any CPU.Build.0 = Release|Any CPU
	EndGlobalSection
	GlobalSection(SolutionProperties) = preSolution
		HideSolutionNode = FALSE
	EndGlobalSection
	GlobalSection(ExtensibilityGlobals) = postSolution
		SolutionGuid = {85EEC5DF-7CA9-47BF-9694-34688509D919}
	EndGlobalSection
EndGlobal
